
Microsoft Visual Studio Solution File, Format Version 12.00
Project("{2150E333-8FDC-42A3-9474-1A3956D46DE8}") = "Application", "Application", "{34CC1C84-DB7C-4876-883B-FB90B5E1ADED}"
EndProject
Project("{2150E333-8FDC-42A3-9474-1A3956D46DE8}") = "Domain", "Domain", "{B89B2631-1087-4A7F-91BA-0BC7ED3051F3}"
EndProject
Project("{2150E333-8FDC-42A3-9474-1A3956D46DE8}") = "Common", "Common", "{48D97615-86C3-4B76-AC80-3CC7F5653975}"
EndProject
Project("{2150E333-8FDC-42A3-9474-1A3956D46DE8}") = "Infrastructure", "Infrastructure", "{E88FF45F-8056-4618-96D0-E902AED5B533}"
EndProject
Project("{2150E333-8FDC-42A3-9474-1A3956D46DE8}") = "Presentation", "Presentation", "{7EA5F0C3-1C23-42F5-8CE5-2B353142BD8D}"
EndProject
Project("{FAE04EC0-301F-11D3-BF4B-00C04F79EFBC}") = "Application", "Application\Application.csproj", "{79E56C73-3C30-4A7B-8595-8E6103928356}"
EndProject
Project("{FAE04EC0-301F-11D3-BF4B-00C04F79EFBC}") = "Common", "Common\Common.csproj", "{BA263655-64C2-4953-8518-9298ECF6AA0F}"
EndProject
Project("{FAE04EC0-301F-11D3-BF4B-00C04F79EFBC}") = "Domain", "Domain\Domain.csproj", "{6E73B770-A8BB-474C-8697-FD5DC31B73AF}"
EndProject
Project("{FAE04EC0-301F-11D3-BF4B-00C04F79EFBC}") = "Infrastructure", "Infrastructure\Infrastructure.csproj", "{90B7178F-8533-4A80-BF7D-A93C2E006F3F}"
EndProject
Project("{FAE04EC0-301F-11D3-BF4B-00C04F79EFBC}") = "WebApplication1", "WebApplication1\WebApplication1.csproj", "{CD3E685B-4723-4E39-8A55-A3F8F504858B}"
EndProject
Project("{FAE04EC0-301F-11D3-BF4B-00C04F79EFBC}") = "Persistence", "Persistence\Persistence.csproj", "{34C22E11-EA0C-453A-862A-7FB5EDAFF330}"
EndProject
Project("{FAE04EC0-301F-11D3-BF4B-00C04F79EFBC}") = "LoggingMicroservice", "LoggingMicroservice\LoggingMicroservice.csproj", "{E30108B5-1A22-4AFA-A985-9D53DE4BBF9E}"
EndProject
Global
	GlobalSection(SolutionConfigurationPlatforms) = preSolution
		Debug|Any CPU = Debug|Any CPU
		Release|Any CPU = Release|Any CPU
	EndGlobalSection
	GlobalSection(NestedProjects) = preSolution
		{79E56C73-3C30-4A7B-8595-8E6103928356} = {34CC1C84-DB7C-4876-883B-FB90B5E1ADED}
		{BA263655-64C2-4953-8518-9298ECF6AA0F} = {48D97615-86C3-4B76-AC80-3CC7F5653975}
		{6E73B770-A8BB-474C-8697-FD5DC31B73AF} = {B89B2631-1087-4A7F-91BA-0BC7ED3051F3}
		{90B7178F-8533-4A80-BF7D-A93C2E006F3F} = {E88FF45F-8056-4618-96D0-E902AED5B533}
		{CD3E685B-4723-4E39-8A55-A3F8F504858B} = {7EA5F0C3-1C23-42F5-8CE5-2B353142BD8D}
		{34C22E11-EA0C-453A-862A-7FB5EDAFF330} = {E88FF45F-8056-4618-96D0-E902AED5B533}
	EndGlobalSection
	GlobalSection(ProjectConfigurationPlatforms) = postSolution
		{79E56C73-3C30-4A7B-8595-8E6103928356}.Debug|Any CPU.ActiveCfg = Debug|Any CPU
		{79E56C73-3C30-4A7B-8595-8E6103928356}.Debug|Any CPU.Build.0 = Debug|Any CPU
		{79E56C73-3C30-4A7B-8595-8E6103928356}.Release|Any CPU.ActiveCfg = Release|Any CPU
		{79E56C73-3C30-4A7B-8595-8E6103928356}.Release|Any CPU.Build.0 = Release|Any CPU
		{BA263655-64C2-4953-8518-9298ECF6AA0F}.Debug|Any CPU.ActiveCfg = Debug|Any CPU
		{BA263655-64C2-4953-8518-9298ECF6AA0F}.Debug|Any CPU.Build.0 = Debug|Any CPU
		{BA263655-64C2-4953-8518-9298ECF6AA0F}.Release|Any CPU.ActiveCfg = Release|Any CPU
		{BA263655-64C2-4953-8518-9298ECF6AA0F}.Release|Any CPU.Build.0 = Release|Any CPU
		{6E73B770-A8BB-474C-8697-FD5DC31B73AF}.Debug|Any CPU.ActiveCfg = Debug|Any CPU
		{6E73B770-A8BB-474C-8697-FD5DC31B73AF}.Debug|Any CPU.Build.0 = Debug|Any CPU
		{6E73B770-A8BB-474C-8697-FD5DC31B73AF}.Release|Any CPU.ActiveCfg = Release|Any CPU
		{6E73B770-A8BB-474C-8697-FD5DC31B73AF}.Release|Any CPU.Build.0 = Release|Any CPU
		{90B7178F-8533-4A80-BF7D-A93C2E006F3F}.Debug|Any CPU.ActiveCfg = Debug|Any CPU
		{90B7178F-8533-4A80-BF7D-A93C2E006F3F}.Debug|Any CPU.Build.0 = Debug|Any CPU
		{90B7178F-8533-4A80-BF7D-A93C2E006F3F}.Release|Any CPU.ActiveCfg = Release|Any CPU
		{90B7178F-8533-4A80-BF7D-A93C2E006F3F}.Release|Any CPU.Build.0 = Release|Any CPU
		{CD3E685B-4723-4E39-8A55-A3F8F504858B}.Debug|Any CPU.ActiveCfg = Debug|Any CPU
		{CD3E685B-4723-4E39-8A55-A3F8F504858B}.Debug|Any CPU.Build.0 = Debug|Any CPU
		{CD3E685B-4723-4E39-8A55-A3F8F504858B}.Release|Any CPU.ActiveCfg = Release|Any CPU
		{CD3E685B-4723-4E39-8A55-A3F8F504858B}.Release|Any CPU.Build.0 = Release|Any CPU
		{34C22E11-EA0C-453A-862A-7FB5EDAFF330}.Debug|Any CPU.ActiveCfg = Debug|Any CPU
		{34C22E11-EA0C-453A-862A-7FB5EDAFF330}.Debug|Any CPU.Build.0 = Debug|Any CPU
		{34C22E11-EA0C-453A-862A-7FB5EDAFF330}.Release|Any CPU.ActiveCfg = Release|Any CPU
		{34C22E11-EA0C-453A-862A-7FB5EDAFF330}.Release|Any CPU.Build.0 = Release|Any CPU
		{E30108B5-1A22-4AFA-A985-9D53DE4BBF9E}.Debug|Any CPU.ActiveCfg = Debug|Any CPU
		{E30108B5-1A22-4AFA-A985-9D53DE4BBF9E}.Debug|Any CPU.Build.0 = Debug|Any CPU
		{E30108B5-1A22-4AFA-A985-9D53DE4BBF9E}.Release|Any CPU.ActiveCfg = Release|Any CPU
		{E30108B5-1A22-4AFA-A985-9D53DE4BBF9E}.Release|Any CPU.Build.0 = Release|Any CPU
	EndGlobalSection
EndGlobal
